# THIS IS AN AUTOGENERATED FILE. DO NOT EDIT THIS FILE DIRECTLY.
# yarn lockfile v1


flatted@^2.0.0:
  version "2.0.1"
  resolved "https://registry.yarnpkg.com/flatted/-/flatted-2.0.1.tgz#69e57caa8f0eacbc281d2e2cb458d46fdb449e08"
  integrity sha512-a1hQMktqW9Nmqr5aktAux3JMNqaucxGcjtjWnZLHX7yyPCmlSV3M54nGYbqT8K+0GhF3NBgmJCc3ma+WOgX8Jg==

lodash.merge@^4.6.2:
  version "4.6.2"
  resolved "https://registry.yarnpkg.com/lodash.merge/-/lodash.merge-4.6.2.tgz#558aa53b43b661e1925a0afdfa36a9a1085fe57a"
  integrity sha512-0KpjqXRVvrYyCsX1swR/XTK0va6VQkQM6MNo7PqW77ByjAhoARA8EfrP1N4+KlKj8YS0ZUCtRT/YUuhyYDujIQ==

vuex-persist@^2.2.0:
  version "2.2.0"
  resolved "https://registry.yarnpkg.com/vuex-persist/-/vuex-persist-2.2.0.tgz#4acec75562896b045c43d319690b93d6bc1b2bbc"
  integrity sha512-o/qbBeMcKZZqMvCXc7kfIew/5cjHxlP1f53rx5YYp3r2tk2kxXYK/UZumxKn7OXywlurl2r0mgkuBzH6nIWFjw==
  dependencies:
    flatted "^2.0.0"
    lodash.merge "^4.6.2"
